
Microsoft Visual Studio Solution File, Format Version 12.00
# Visual Studio Version 17
VisualStudioVersion = 17.4.33213.308
MinimumVisualStudioVersion = 10.0.40219.1
Project("{FAE04EC0-301F-11D3-BF4B-00C04F79EFBC}") = "PuzzleBobbleHell", "PuzzleBobbleHell\PuzzleBobbleHell.csproj", "{1FB5A119-84C3-4EC2-85AB-3227F35B9425}"
EndProject
Global
	GlobalSection(SolutionConfigurationPlatforms) = preSolution
		Debug|Any CPU = Debug|Any CPU
		Release|Any CPU = Release|Any CPU
	EndGlobalSection
	GlobalSection(ProjectConfigurationPlatforms) = postSolution
		{1FB5A119-84C3-4EC2-85AB-3227F35B9425}.Debug|Any CPU.ActiveCfg = Debug|Any CPU
		{1FB5A119-84C3-4EC2-85AB-3227F35B9425}.Debug|Any CPU.Build.0 = Debug|Any CPU
		{1FB5A119-84C3-4EC2-85AB-3227F35B9425}.Release|Any CPU.ActiveCfg = Release|Any CPU
		{1FB5A119-84C3-4EC2-85AB-3227F35B9425}.Release|Any CPU.Build.0 = Release|Any CPU
	EndGlobalSection
	GlobalSection(SolutionProperties) = preSolution
		HideSolutionNode = FALSE
	EndGlobalSection
	GlobalSection(ExtensibilityGlobals) = postSolution
		SolutionGuid = {9AD10A99-267B-4C51-A522-83ACBA68C4CF}
	EndGlobalSection
EndGlobal
